
Microsoft Visual Studio Solution File, Format Version 12.00
# Visual Studio Version 17
VisualStudioVersion = 17.4.33403.182
MinimumVisualStudioVersion = 10.0.40219.1
Project("{8BC9CEB8-8B4A-11D0-8D11-00A0C91BC942}") = "Guardian", "Guardian\Guardian.vcxproj", "{99DF30A8-8417-4BAF-A7A1-D39CA58BF291}"
EndProject
Project("{8BC9CEB8-8B4A-11D0-8D11-00A0C91BC942}") = "REALology", "REALology\REALology.vcxproj", "{6D90B120-2B89-4A14-9D3C-1C59D944F2D1}"
EndProject
Global
	GlobalSection(SolutionConfigurationPlatforms) = preSolution
		Release|x64 = Release|x64
	EndGlobalSection
	GlobalSection(ProjectConfigurationPlatforms) = postSolution
		{99DF30A8-8417-4BAF-A7A1-D39CA58BF291}.Release|x64.ActiveCfg = Release|x64
		{99DF30A8-8417-4BAF-A7A1-D39CA58BF291}.Release|x64.Build.0 = Release|x64
		{6D90B120-2B89-4A14-9D3C-1C59D944F2D1}.Release|x64.ActiveCfg = Release|x64
		{6D90B120-2B89-4A14-9D3C-1C59D944F2D1}.Release|x64.Build.0 = Release|x64
	EndGlobalSection
	GlobalSection(SolutionProperties) = preSolution
		HideSolutionNode = FALSE
	EndGlobalSection
	GlobalSection(ExtensibilityGlobals) = postSolution
		SolutionGuid = {2A039112-E9F5-4F97-AF18-2688605DC196}
	EndGlobalSection
EndGlobal
